// !$*UTF8*$!
{
	archiveVersion = 1;
	classes = {
	};
	objectVersion = 46;
	objects = {

/* Begin PBXBuildFile section */
		BF3CB22C1EAEEF5D00697E30 /* main.m in Sources */ = {isa = PBXBuildFile; fileRef = BF3CB22B1EAEEF5D00697E30 /* main.m */; };
		BF3CB22F1EAEEF5D00697E30 /* AppDelegate.m in Sources */ = {isa = PBXBuildFile; fileRef = BF3CB22E1EAEEF5D00697E30 /* AppDelegate.m */; };
		BF3CB2321EAEEF5D00697E30 /* ViewController.m in Sources */ = {isa = PBXBuildFile; fileRef = BF3CB2311EAEEF5D00697E30 /* ViewController.m */; };
		BF3CB2351EAEEF5D00697E30 /* Main.storyboard in Resources */ = {isa = PBXBuildFile; fileRef = BF3CB2331EAEEF5D00697E30 /* Main.storyboard */; };
		BF3CB2371EAEEF5D00697E30 /* Assets.xcassets in Resources */ = {isa = PBXBuildFile; fileRef = BF3CB2361EAEEF5D00697E30 /* Assets.xcassets */; };
		BF3CB23A1EAEEF5D00697E30 /* LaunchScreen.storyboard in Resources */ = {isa = PBXBuildFile; fileRef = BF3CB2381EAEEF5D00697E30 /* LaunchScreen.storyboard */; };
		BFC476B11EAEF4AC00626A15 /* background.html in Resources */ = {isa = PBXBuildFile; fileRef = BFC476AF1EAEF4AC00626A15 /* background.html */; };
		BFC476B21EAEF4AC00626A15 /* muber.gif in Resources */ = {isa = PBXBuildFile; fileRef = BFC476B01EAEF4AC00626A15 /* muber.gif */; };
/* End PBXBuildFile section */

/* Begin PBXFileReference section */
		BF3CB2271EAEEF5D00697E30 /* GifBackgroundViewDemo.app */ = {isa = PBXFileReference; explicitFileType = wrapper.application; includeInIndex = 0; path = GifBackgroundViewDemo.app; sourceTree = BUILT_PRODUCTS_DIR; };
		BF3CB22B1EAEEF5D00697E30 /* main.m */ = {isa = PBXFileReference; lastKnownFileType = sourcecode.c.objc; path = main.m; sourceTree = "<group>"; };
		BF3CB22D1EAEEF5D00697E30 /* AppDelegate.h */ = {isa = PBXFileReference; lastKnownFileType = sourcecode.c.h; path = AppDelegate.h; sourceTree = "<group>"; };
		BF3CB22E1EAEEF5D00697E30 /* AppDelegate.m */ = {isa = PBXFileReference; lastKnownFileType = sourcecode.c.objc; path = AppDelegate.m; sourceTree = "<group>"; };
		BF3CB2301EAEEF5D00697E30 /* ViewController.h */ = {isa = PBXFileReference; lastKnownFileType = sourcecode.c.h; path = ViewController.h; sourceTree = "<group>"; };
		BF3CB2311EAEEF5D00697E30 /* ViewController.m */ = {isa = PBXFileReference; lastKnownFileType = sourcecode.c.objc; path = ViewController.m; sourceTree = "<group>"; };
		BF3CB2341EAEEF5D00697E30 /* Base */ = {isa = PBXFileReference; lastKnownFileType = file.storyboard; name = Base; path = Base.lproj/Main.storyboard; sourceTree = "<group>"; };
		BF3CB2361EAEEF5D00697E30 /* Assets.xcassets */ = {isa = PBXFileReference; lastKnownFileType = folder.assetcatalog; path = Assets.xcassets; sourceTree = "<group>"; };
		BF3CB2391EAEEF5D00697E30 /* Base */ = {isa = PBXFileReference; lastKnownFileType = file.storyboard; name = Base; path = Base.lproj/LaunchScreen.storyboard; sourceTree = "<group>"; };
		BF3CB23B1EAEEF5D00697E30 /* Info.plist */ = {isa = PBXFileReference; lastKnownFileType = text.plist.xml; path = Info.plist; sourceTree = "<group>"; };
		BFC476AF1EAEF4AC00626A15 /* background.html */ = {isa = PBXFileReference; fileEncoding = 4; lastKnownFileType = text.html; path = background.html; sourceTree = "<group>"; };
		BFC476B01EAEF4AC00626A15 /* muber.gif */ = {isa = PBXFileReference; lastKnownFileType = image.gif; path = muber.gif; sourceTree = "<group>"; };
/* End PBXFileReference section */

/* Begin PBXFrameworksBuildPhase section */
		BF3CB2241EAEEF5D00697E30 /* Frameworks */ = {
			isa = PBXFrameworksBuildPhase;
			buildActionMask = 2147483647;
			files = (
			);
			runOnlyForDeploymentPostprocessing = 0;
		};
/* End PBXFrameworksBuildPhase section */

/* Begin PBXGroup section */
		BF3CB21E1EAEEF5D00697E30 = {
			isa = PBXGroup;
			children = (
				BF3CB2291EAEEF5D00697E30 /* GifBackgroundViewDemo */,
				BF3CB2281EAEEF5D00697E30 /* Products */,
			);
			sourceTree = "<group>";
		};
		BF3CB2281EAEEF5D00697E30 /* Products */ = {
			isa = PBXGroup;
			children = (
				BF3CB2271EAEEF5D00697E30 /* GifBackgroundViewDemo.app */,
			);
			name = Products;
			sourceTree = "<group>";
		};
		BF3CB2291EAEEF5D00697E30 /* GifBackgroundViewDemo */ = {
			isa = PBXGroup;
			children = (
				BF3CB22D1EAEEF5D00697E30 /* AppDelegate.h */,
				BF3CB22E1EAEEF5D00697E30 /* AppDelegate.m */,
				BF3CB2301EAEEF5D00697E30 /* ViewController.h */,
				BF3CB2311EAEEF5D00697E30 /* ViewController.m */,
				BF3CB2331EAEEF5D00697E30 /* Main.storyboard */,
				BF3CB2361EAEEF5D00697E30 /* Assets.xcassets */,
				BF3CB2381EAEEF5D00697E30 /* LaunchScreen.storyboard */,
				BF3CB23B1EAEEF5D00697E30 /* Info.plist */,
				BFC476AE1EAEF4AC00626A15 /* Resources */,
				BF3CB22A1EAEEF5D00697E30 /* Supporting Files */,
			);
			path = GifBackgroundViewDemo;
			sourceTree = "<group>";
		};
		BF3CB22A1EAEEF5D00697E30 /* Supporting Files */ = {
			isa = PBXGroup;
			children = (
				BF3CB22B1EAEEF5D00697E30 /* main.m */,
			);
			name = "Supporting Files";
			sourceTree = "<group>";
		};
		BFC476AE1EAEF4AC00626A15 /* Resources */ = {
			isa = PBXGroup;
			children = (
				BFC476AF1EAEF4AC00626A15 /* background.html */,
				BFC476B01EAEF4AC00626A15 /* muber.gif */,
			);
			path = Resources;
			sourceTree = "<group>";
		};
/* End PBXGroup section */

/* Begin PBXNativeTarget section */
		BF3CB2261EAEEF5D00697E30 /* GifBackgroundViewDemo */ = {
			isa = PBXNativeTarget;
			buildConfigurationList = BF3CB23E1EAEEF5D00697E30 /* Build configuration list for PBXNativeTarget "GifBackgroundViewDemo" */;
			buildPhases = (
				BF3CB2231EAEEF5D00697E30 /* Sources */,
				BF3CB2241EAEEF5D00697E30 /* Frameworks */,
				BF3CB2251EAEEF5D00697E30 /* Resources */,
			);
			buildRules = (
			);
			dependencies = (
			);
			name = GifBackgroundViewDemo;
			productName = GifBackgroundViewDemo;
			productReference = BF3CB2271EAEEF5D00697E30 /* GifBackgroundViewDemo.app */;
			productType = "com.apple.product-type.application";
		};
/* End PBXNativeTarget section */

/* Begin PBXProject section */
		BF3CB21F1EAEEF5D00697E30 /* Project object */ = {
			isa = PBXProject;
			attributes = {
				LastUpgradeCheck = 0830;
				ORGANIZATIONNAME = zssr;
				TargetAttributes = {
					BF3CB2261EAEEF5D00697E30 = {
						CreatedOnToolsVersion = 8.3.2;
						DevelopmentTeam = LFDAS87W6Z;
						ProvisioningStyle = Automatic;
					};
				};
			};
			buildConfigurationList = BF3CB2221EAEEF5D00697E30 /* Build configuration list for PBXProject "GifBackgroundViewDemo" */;
			compatibilityVersion = "Xcode 3.2";
			developmentRegion = English;
			hasScannedForEncodings = 0;
			knownRegions = (
				en,
				Base,
			);
			mainGroup = BF3CB21E1EAEEF5D00697E30;
			productRefGroup = BF3CB2281EAEEF5D00697E30 /* Products */;
			projectDirPath = "";
			projectRoot = "";
			targets = (
				BF3CB2261EAEEF5D00697E30 /* GifBackgroundViewDemo */,
			);
		};
/* End PBXProject section */

/* Begin PBXResourcesBuildPhase section */
		BF3CB2251EAEEF5D00697E30 /* Resources */ = {
			isa = PBXResourcesBuildPhase;
			buildActionMask = 2147483647;
			files = (
				BF3CB23A1EAEEF5D00697E30 /* LaunchScreen.storyboard in Resources */,
				BF3CB2371EAEEF5D00697E30 /* Assets.xcassets in Resources */,
				BFC476B11EAEF4AC00626A15 /* background.html in Resources */,
				BF3CB2351EAEEF5D00697E30 /* Main.storyboard in Resources */,
				BFC476B21EAEF4AC00626A15 /* muber.gif in Resources */,
			);
			runOnlyForDeploymentPostprocessing = 0;
		};
/* End PBXResourcesBuildPhase section */

/* Begin PBXSourcesBuildPhase section */
		BF3CB2231EAEEF5D00697E30 /* Sources */ = {
			isa = PBXSourcesBuildPhase;
			buildActionMask = 2147483647;
			files = (
				BF3CB2321EAEEF5D00697E30 /* ViewController.m in Sources */,
				BF3CB22F1EAEEF5D00697E30 /* AppDelegate.m in Sources */,
				BF3CB22C1EAEEF5D00697E30 /* main.m in Sources */,
			);
			runOnlyForDeploymentPostprocessing = 0;
		};
/* End PBXSourcesBuildPhase section */

/* Begin PBXVariantGroup section */
		BF3CB2331EAEEF5D00697E30 /* Main.storyboard */ = {
			isa = PBXVariantGroup;
			children = (
				BF3CB2341EAEEF5D00697E30 /* Base */,
			);
			name = Main.storyboard;
			sourceTree = "<group>";
		};
		BF3CB2381EAEEF5D00697E30 /* LaunchScreen.storyboard */ = {
			isa = PBXVariantGroup;
			children = (
				BF3CB2391EAEEF5D00697E30 /* Base */,
			);
			name = LaunchScreen.storyboard;
			sourceTree = "<group>";
		};
/* End PBXVariantGroup section */

/* Begin XCBuildConfiguration section */
		BF3CB23C1EAEEF5D00697E30 /* Debug */ = {
			isa = XCBuildConfiguration;
			buildSettings = {
				ALWAYS_SEARCH_USER_PATHS = NO;
				CLANG_ANALYZER_NONNULL = YES;
				CLANG_ANALYZER_NUMBER_OBJECT_CONVERSION = YES_AGGRESSIVE;
				CLANG_CXX_LANGUAGE_STANDARD = "gnu++0x";
				CLANG_CXX_LIBRARY = "libc++";
				CLANG_ENABLE_MODULES = YES;
				CLANG_ENABLE_OBJC_ARC = YES;
				CLANG_WARN_BOOL_CONVERSION = YES;
				CLANG_WARN_CONSTANT_CONVERSION = YES;
				CLANG_WARN_DIRECT_OBJC_ISA_USAGE = YES_ERROR;
				CLANG_WARN_DOCUMENTATION_COMMENTS = YES;
				CLANG_WARN_EMPTY_BODY = YES;
				CLANG_WARN_ENUM_CONVERSION = YES;
				CLANG_WARN_INFINITE_RECURSION = YES;
				CLANG_WARN_INT_CONVERSION = YES;
				CLANG_WARN_OBJC_ROOT_CLASS = YES_ERROR;
				CLANG_WARN_SUSPICIOUS_MOVE = YES;
				CLANG_WARN_UNREACHABLE_CODE = YES;
				CLANG_WARN__DUPLICATE_METHOD_MATCH = YES;
				"CODE_SIGN_IDENTITY[sdk=iphoneos*]" = "iPhone Developer";
				COPY_PHASE_STRIP = NO;
				DEBUG_INFORMATION_FORMAT = dwarf;
				ENABLE_STRICT_OBJC_MSGSEND = YES;
				ENABLE_TESTABILITY = YES;
				GCC_C_LANGUAGE_STANDARD = gnu99;
				GCC_DYNAMIC_NO_PIC = NO;
				GCC_NO_COMMON_BLOCKS = YES;
				GCC_OPTIMIZATION_LEVEL = 0;
				GCC_PREPROCESSOR_DEFINITIONS = (
					"DEBUG=1",
					"$(inherited)",
				);
				GCC_WARN_64_TO_32_BIT_CONVERSION = YES;
				GCC_WARN_ABOUT_RETURN_TYPE = YES_ERROR;
				GCC_WARN_UNDECLARED_SELECTOR = YES;
				GCC_WARN_UNINITIALIZED_AUTOS = YES_AGGRESSIVE;
				GCC_WARN_UNUSED_FUNCTION = YES;
				GCC_WARN_UNUSED_VARIABLE = YES;
				IPHONEOS_DEPLOYMENT_TARGET = 10.3;
				MTL_ENABLE_DEBUG_INFO = YES;
				ONLY_ACTIVE_ARCH = YES;
				SDKROOT = iphoneos;
			};
			name = Debug;
		};
		BF3CB23D1EAEEF5D00697E30 /* Release */ = {
			isa = XCBuildConfiguration;
			buildSettings = {
				ALWAYS_SEARCH_USER_PATHS = NO;
				CLANG_ANALYZER_NONNULL = YES;
				CLANG_ANALYZER_NUMBER_OBJECT_CONVERSION = YES_AGGRESSIVE;
				CLANG_CXX_LANGUAGE_STANDARD = "gnu++0x";
				CLANG_CXX_LIBRARY = "libc++";
				CLANG_ENABLE_MODULES = YES;
				CLANG_ENABLE_OBJC_ARC = YES;
				CLANG_WARN_BOOL_CONVERSION = YES;
				CLANG_WARN_CONSTANT_CONVERSION = YES;
				CLANG_WARN_DIRECT_OBJC_ISA_USAGE = YES_ERROR;
				CLANG_WARN_DOCUMENTATION_COMMENTS = YES;
				CLANG_WARN_EMPTY_BODY = YES;
				CLANG_WARN_ENUM_CONVERSION = YES;
				CLANG_WARN_INFINITE_RECURSION = YES;
				CLANG_WARN_INT_CONVERSION = YES;
				CLANG_WARN_OBJC_ROOT_CLASS = YES_ERROR;
				CLANG_WARN_SUSPICIOUS_MOVE = YES;
				CLANG_WARN_UNREACHABLE_CODE = YES;
				CLANG_WARN__DUPLICATE_METHOD_MATCH = YES;
				"CODE_SIGN_IDENTITY[sdk=iphoneos*]" = "iPhone Developer";
				COPY_PHASE_STRIP = NO;
				DEBUG_INFORMATION_FORMAT = "dwarf-with-dsym";
				ENABLE_NS_ASSERTIONS = NO;
				ENABLE_STRICT_OBJC_MSGSEND = YES;
				GCC_C_LANGUAGE_STANDARD = gnu99;
				GCC_NO_COMMON_BLOCKS = YES;
				GCC_WARN_64_TO_32_BIT_CONVERSION = YES;
				GCC_WARN_ABOUT_RETURN_TYPE = YES_ERROR;
				GCC_WARN_UNDECLARED_SELECTOR = YES;
				GCC_WARN_UNINITIALIZED_AUTOS = YES_AGGRESSIVE;
				GCC_WARN_UNUSED_FUNCTION = YES;
				GCC_WARN_UNUSED_VARIABLE = YES;
				IPHONEOS_DEPLOYMENT_TARGET = 10.3;
				MTL_ENABLE_DEBUG_INFO = NO;
				SDKROOT = iphoneos;
				VALIDATE_PRODUCT = YES;
			};
			name = Release;
		};
		BF3CB23F1EAEEF5D00697E30 /* Debug */ = {
			isa = XCBuildConfiguration;
			buildSettings = {
				ASSETCATALOG_COMPILER_APPICON_NAME = AppIcon;
				DEVELOPMENT_TEAM = LFDAS87W6Z;
				INFOPLIST_FILE = GifBackgroundViewDemo/Info.plist;
				IPHONEOS_DEPLOYMENT_TARGET = 9.0;
				LD_RUNPATH_SEARCH_PATHS = "$(inherited) @executable_path/Frameworks";
				PRODUCT_BUNDLE_IDENTIFIER = com.wenzhishen.GifBackgroundViewDemo;
				PRODUCT_NAME = "$(TARGET_NAME)";
			};
			name = Debug;
		};
		BF3CB2401EAEEF5D00697E30 /* Release */ = {
			isa = XCBuildConfiguration;
			buildSettings = {
				ASSETCATALOG_COMPILER_APPICON_NAME = AppIcon;
				DEVELOPMENT_TEAM = LFDAS87W6Z;
				INFOPLIST_FILE = GifBackgroundViewDemo/Info.plist;
				IPHONEOS_DEPLOYMENT_TARGET = 9.0;
				LD_RUNPATH_SEARCH_PATHS = "$(inherited) @executable_path/Frameworks";
				PRODUCT_BUNDLE_IDENTIFIER = com.wenzhishen.GifBackgroundViewDemo;
				PRODUCT_NAME = "$(TARGET_NAME)";
			};
			name = Release;
		};
/* End XCBuildConfiguration section */

/* Begin XCConfigurationList section */
		BF3CB2221EAEEF5D00697E30 /* Build configuration list for PBXProject "GifBackgroundViewDemo" */ = {
			isa = XCConfigurationList;
			buildConfigurations = (
				BF3CB23C1EAEEF5D00697E30 /* Debug */,
				BF3CB23D1EAEEF5D00697E30 /* Release */,
			);
			defaultConfigurationIsVisible = 0;
			defaultConfigurationName = Release;
		};
		BF3CB23E1EAEEF5D00697E30 /* Build configuration list for PBXNativeTarget "GifBackgroundViewDemo" */ = {
			isa = XCConfigurationList;
			buildConfigurations = (
				BF3CB23F1EAEEF5D00697E30 /* Debug */,
				BF3CB2401EAEEF5D00697E30 /* Release */,
			);
			defaultConfigurationIsVisible = 0;
			defaultConfigurationName = Release;
		};
/* End XCConfigurationList section */
	};
	rootObject = BF3CB21F1EAEEF5D00697E30 /* Project object */;
}
